
Microsoft Visual Studio Solution File, Format Version 12.00
# Visual Studio Version 17
VisualStudioVersion = 17.3.32929.385
MinimumVisualStudioVersion = 10.0.40219.1
Project("{FAE04EC0-301F-11D3-BF4B-00C04F79EFBC}") = "BlazorEcommerce.Server", "BlazorEcommerce\Server\BlazorEcommerce.Server.csproj", "{C6FE894C-4705-4C22-9EAD-BE2651130552}"
EndProject
Project("{FAE04EC0-301F-11D3-BF4B-00C04F79EFBC}") = "BlazorEcommerce.Client", "BlazorEcommerce\Client\BlazorEcommerce.Client.csproj", "{52D458AD-DB54-4846-BFB3-44F8AB583923}"
EndProject
Project("{FAE04EC0-301F-11D3-BF4B-00C04F79EFBC}") = "BlazorEcommerce.Shared", "BlazorEcommerce\Shared\BlazorEcommerce.Shared.csproj", "{702CB944-517D-4ED1-81B4-6C7C2DAEDA46}"
EndProject
Global
	GlobalSection(SolutionConfigurationPlatforms) = preSolution
		Debug|Any CPU = Debug|Any CPU
		Release|Any CPU = Release|Any CPU
	EndGlobalSection
	GlobalSection(ProjectConfigurationPlatforms) = postSolution
		{C6FE894C-4705-4C22-9EAD-BE2651130552}.Debug|Any CPU.ActiveCfg = Debug|Any CPU
		{C6FE894C-4705-4C22-9EAD-BE2651130552}.Debug|Any CPU.Build.0 = Debug|Any CPU
		{C6FE894C-4705-4C22-9EAD-BE2651130552}.Release|Any CPU.ActiveCfg = Release|Any CPU
		{C6FE894C-4705-4C22-9EAD-BE2651130552}.Release|Any CPU.Build.0 = Release|Any CPU
		{52D458AD-DB54-4846-BFB3-44F8AB583923}.Debug|Any CPU.ActiveCfg = Debug|Any CPU
		{52D458AD-DB54-4846-BFB3-44F8AB583923}.Debug|Any CPU.Build.0 = Debug|Any CPU
		{52D458AD-DB54-4846-BFB3-44F8AB583923}.Release|Any CPU.ActiveCfg = Release|Any CPU
		{52D458AD-DB54-4846-BFB3-44F8AB583923}.Release|Any CPU.Build.0 = Release|Any CPU
		{702CB944-517D-4ED1-81B4-6C7C2DAEDA46}.Debug|Any CPU.ActiveCfg = Debug|Any CPU
		{702CB944-517D-4ED1-81B4-6C7C2DAEDA46}.Debug|Any CPU.Build.0 = Debug|Any CPU
		{702CB944-517D-4ED1-81B4-6C7C2DAEDA46}.Release|Any CPU.ActiveCfg = Release|Any CPU
		{702CB944-517D-4ED1-81B4-6C7C2DAEDA46}.Release|Any CPU.Build.0 = Release|Any CPU
	EndGlobalSection
	GlobalSection(SolutionProperties) = preSolution
		HideSolutionNode = FALSE
	EndGlobalSection
	GlobalSection(ExtensibilityGlobals) = postSolution
		SolutionGuid = {1A292720-F8B9-4D64-B97D-D8ADD64A6DEA}
	EndGlobalSection
EndGlobal
